
Microsoft Visual Studio Solution File, Format Version 12.00
# Visual Studio 15
Project("{FAE04EC0-301F-11D3-BF4B-00C04F79EFBC}") = "projectManager.Android", "projectManager.Android\projectManager.Android.csproj", "{8D0E0E16-5AA2-4278-90D9-1BA4D4191B11}"
EndProject
Project("{FAE04EC0-301F-11D3-BF4B-00C04F79EFBC}") = "projectManager.iOS", "projectManager.iOS\projectManager.iOS.csproj", "{5F0D2801-556F-4F5A-95BB-E17B486DA887}"
EndProject
Project("{FAE04EC0-301F-11D3-BF4B-00C04F79EFBC}") = "projectManager", "projectManager\projectManager.csproj", "{6ABDF97F-A3A7-46EE-B258-F5485D6D605E}"
EndProject
Global
	GlobalSection(SolutionConfigurationPlatforms) = preSolution
		Debug|Any CPU = Debug|Any CPU
		Release|Any CPU = Release|Any CPU
		Debug|iPhoneSimulator = Debug|iPhoneSimulator
		Release|iPhoneSimulator = Release|iPhoneSimulator
		Debug|iPhone = Debug|iPhone
		Release|iPhone = Release|iPhone
	EndGlobalSection
	GlobalSection(ProjectConfigurationPlatforms) = postSolution
		{8D0E0E16-5AA2-4278-90D9-1BA4D4191B11}.Debug|Any CPU.ActiveCfg = Debug|Any CPU
		{8D0E0E16-5AA2-4278-90D9-1BA4D4191B11}.Debug|Any CPU.Build.0 = Debug|Any CPU
		{8D0E0E16-5AA2-4278-90D9-1BA4D4191B11}.Release|Any CPU.ActiveCfg = Release|Any CPU
		{8D0E0E16-5AA2-4278-90D9-1BA4D4191B11}.Release|Any CPU.Build.0 = Release|Any CPU
		{8D0E0E16-5AA2-4278-90D9-1BA4D4191B11}.Debug|iPhoneSimulator.ActiveCfg = Debug|Any CPU
		{8D0E0E16-5AA2-4278-90D9-1BA4D4191B11}.Debug|iPhoneSimulator.Build.0 = Debug|Any CPU
		{8D0E0E16-5AA2-4278-90D9-1BA4D4191B11}.Release|iPhoneSimulator.ActiveCfg = Release|Any CPU
		{8D0E0E16-5AA2-4278-90D9-1BA4D4191B11}.Release|iPhoneSimulator.Build.0 = Release|Any CPU
		{8D0E0E16-5AA2-4278-90D9-1BA4D4191B11}.Debug|iPhone.ActiveCfg = Debug|Any CPU
		{8D0E0E16-5AA2-4278-90D9-1BA4D4191B11}.Debug|iPhone.Build.0 = Debug|Any CPU
		{8D0E0E16-5AA2-4278-90D9-1BA4D4191B11}.Release|iPhone.ActiveCfg = Release|Any CPU
		{8D0E0E16-5AA2-4278-90D9-1BA4D4191B11}.Release|iPhone.Build.0 = Release|Any CPU
		{5F0D2801-556F-4F5A-95BB-E17B486DA887}.Debug|Any CPU.ActiveCfg = Debug|iPhoneSimulator
		{5F0D2801-556F-4F5A-95BB-E17B486DA887}.Debug|Any CPU.Build.0 = Debug|iPhoneSimulator
		{5F0D2801-556F-4F5A-95BB-E17B486DA887}.Release|Any CPU.ActiveCfg = Release|iPhoneSimulator
		{5F0D2801-556F-4F5A-95BB-E17B486DA887}.Release|Any CPU.Build.0 = Release|iPhoneSimulator
		{5F0D2801-556F-4F5A-95BB-E17B486DA887}.Debug|iPhoneSimulator.ActiveCfg = Debug|iPhoneSimulator
		{5F0D2801-556F-4F5A-95BB-E17B486DA887}.Debug|iPhoneSimulator.Build.0 = Debug|iPhoneSimulator
		{5F0D2801-556F-4F5A-95BB-E17B486DA887}.Release|iPhoneSimulator.ActiveCfg = Release|iPhoneSimulator
		{5F0D2801-556F-4F5A-95BB-E17B486DA887}.Release|iPhoneSimulator.Build.0 = Release|iPhoneSimulator
		{5F0D2801-556F-4F5A-95BB-E17B486DA887}.Debug|iPhone.ActiveCfg = Debug|iPhone
		{5F0D2801-556F-4F5A-95BB-E17B486DA887}.Debug|iPhone.Build.0 = Debug|iPhone
		{5F0D2801-556F-4F5A-95BB-E17B486DA887}.Release|iPhone.ActiveCfg = Release|iPhone
		{5F0D2801-556F-4F5A-95BB-E17B486DA887}.Release|iPhone.Build.0 = Release|iPhone
		{6ABDF97F-A3A7-46EE-B258-F5485D6D605E}.Debug|Any CPU.ActiveCfg = Debug|Any CPU
		{6ABDF97F-A3A7-46EE-B258-F5485D6D605E}.Debug|Any CPU.Build.0 = Debug|Any CPU
		{6ABDF97F-A3A7-46EE-B258-F5485D6D605E}.Release|Any CPU.ActiveCfg = Release|Any CPU
		{6ABDF97F-A3A7-46EE-B258-F5485D6D605E}.Release|Any CPU.Build.0 = Release|Any CPU
		{6ABDF97F-A3A7-46EE-B258-F5485D6D605E}.Debug|iPhoneSimulator.ActiveCfg = Debug|Any CPU
		{6ABDF97F-A3A7-46EE-B258-F5485D6D605E}.Debug|iPhoneSimulator.Build.0 = Debug|Any CPU
		{6ABDF97F-A3A7-46EE-B258-F5485D6D605E}.Release|iPhoneSimulator.ActiveCfg = Release|Any CPU
		{6ABDF97F-A3A7-46EE-B258-F5485D6D605E}.Release|iPhoneSimulator.Build.0 = Release|Any CPU
		{6ABDF97F-A3A7-46EE-B258-F5485D6D605E}.Debug|iPhone.ActiveCfg = Debug|Any CPU
		{6ABDF97F-A3A7-46EE-B258-F5485D6D605E}.Debug|iPhone.Build.0 = Debug|Any CPU
		{6ABDF97F-A3A7-46EE-B258-F5485D6D605E}.Release|iPhone.ActiveCfg = Release|Any CPU
		{6ABDF97F-A3A7-46EE-B258-F5485D6D605E}.Release|iPhone.Build.0 = Release|Any CPU
	EndGlobalSection
EndGlobal
